
Microsoft Visual Studio Solution File, Format Version 12.00
# Visual Studio 15
VisualStudioVersion = 15.0.28307.705
MinimumVisualStudioVersion = 10.0.40219.1
Project("{FAE04EC0-301F-11D3-BF4B-00C04F79EFBC}") = "Agent", "Agent\Agent.csproj", "{87069415-FDE8-4B28-863E-B67EC5248491}"
EndProject
Global
	GlobalSection(SolutionConfigurationPlatforms) = preSolution
		Debug|Any CPU = Debug|Any CPU
		Release|Any CPU = Release|Any CPU
	EndGlobalSection
	GlobalSection(ProjectConfigurationPlatforms) = postSolution
		{87069415-FDE8-4B28-863E-B67EC5248491}.Debug|Any CPU.ActiveCfg = Debug|Any CPU
		{87069415-FDE8-4B28-863E-B67EC5248491}.Debug|Any CPU.Build.0 = Debug|Any CPU
		{87069415-FDE8-4B28-863E-B67EC5248491}.Release|Any CPU.ActiveCfg = Release|Any CPU
		{87069415-FDE8-4B28-863E-B67EC5248491}.Release|Any CPU.Build.0 = Release|Any CPU
	EndGlobalSection
	GlobalSection(SolutionProperties) = preSolution
		HideSolutionNode = FALSE
	EndGlobalSection
	GlobalSection(ExtensibilityGlobals) = postSolution
		SolutionGuid = {690AAF50-64D0-4FEC-88CB-B9E423A84383}
	EndGlobalSection
EndGlobal
